// !$*UTF8*$!
{
	archiveVersion = 1;
	classes = {
	};
	objectVersion = 56;
	objects = {

/* Begin PBXBuildFile section */
		58F2638729E217EA00330627 /* Follow.mm in Sources */ = {isa = PBXBuildFile; fileRef = 58F2638629E217EA00330627 /* Follow.mm */; };
		58F2638E29E21B8100330627 /* PlayerLaneControl.mm in Sources */ = {isa = PBXBuildFile; fileRef = 58F2638D29E21B8100330627 /* PlayerLaneControl.mm */; };
		58F2639329E2795B00330627 /* cave_tex.jpg in Resources */ = {isa = PBXBuildFile; fileRef = 58F2638F29E2795A00330627 /* cave_tex.jpg */; };
		58F2639429E2795B00330627 /* coin_tex.jpg in Resources */ = {isa = PBXBuildFile; fileRef = 58F2639029E2795A00330627 /* coin_tex.jpg */; };
		58F2639529E2795B00330627 /* cave_tex_2.jpg in Resources */ = {isa = PBXBuildFile; fileRef = 58F2639129E2795B00330627 /* cave_tex_2.jpg */; };
		58F2639629E2795B00330627 /* marble_tex.jpg in Resources */ = {isa = PBXBuildFile; fileRef = 58F2639229E2795B00330627 /* marble_tex.jpg */; };
		BE481A5029B2DBD3005C575F /* PreloadedGeometryObject.mm in Sources */ = {isa = PBXBuildFile; fileRef = BE481A4E29B2DBD2005C575F /* PreloadedGeometryObject.mm */; };
		BE73DD04299720C70044E639 /* AppDelegate.swift in Sources */ = {isa = PBXBuildFile; fileRef = BE73DD03299720C70044E639 /* AppDelegate.swift */; };
		BE73DD06299720C70044E639 /* SceneDelegate.swift in Sources */ = {isa = PBXBuildFile; fileRef = BE73DD05299720C70044E639 /* SceneDelegate.swift */; };
		BE73DD08299720C70044E639 /* ViewController.swift in Sources */ = {isa = PBXBuildFile; fileRef = BE73DD07299720C70044E639 /* ViewController.swift */; };
		BE73DD0B299720C70044E639 /* Main.storyboard in Resources */ = {isa = PBXBuildFile; fileRef = BE73DD09299720C70044E639 /* Main.storyboard */; };
		BE73DD0D299720D70044E639 /* Assets.xcassets in Resources */ = {isa = PBXBuildFile; fileRef = BE73DD0C299720D70044E639 /* Assets.xcassets */; };
		BE73DD10299720D70044E639 /* LaunchScreen.storyboard in Resources */ = {isa = PBXBuildFile; fileRef = BE73DD0E299720D70044E639 /* LaunchScreen.storyboard */; };
		BE73DD18299726550044E639 /* Shader.fsh in Resources */ = {isa = PBXBuildFile; fileRef = BE73DD17299726550044E639 /* Shader.fsh */; };
		BE73DD1A299726730044E639 /* Shader.vsh in Resources */ = {isa = PBXBuildFile; fileRef = BE73DD19299726730044E639 /* Shader.vsh */; };
		BE73DD2229986A640044E639 /* GeometryObject.mm in Sources */ = {isa = PBXBuildFile; fileRef = BE73DD1E29986A640044E639 /* GeometryObject.mm */; };
		BE73DD2329986A640044E639 /* WavefrontLoader.mm in Sources */ = {isa = PBXBuildFile; fileRef = BE73DD2129986A640044E639 /* WavefrontLoader.mm */; };
		BE73DD2629986B7C0044E639 /* Renderer.mm in Sources */ = {isa = PBXBuildFile; fileRef = BE73DD2429986B7C0044E639 /* Renderer.mm */; };
		BE73DD2C29988B780044E639 /* GameObject.mm in Sources */ = {isa = PBXBuildFile; fileRef = BE73DD2A29988B780044E639 /* GameObject.mm */; };
		BE73DD31299986180044E639 /* GLKit.framework in Frameworks */ = {isa = PBXBuildFile; fileRef = BE73DD30299986180044E639 /* GLKit.framework */; };
		BE73DD39299BF5CA0044E639 /* Game.mm in Sources */ = {isa = PBXBuildFile; fileRef = BE73DD37299BF5CA0044E639 /* Game.mm */; };
		BE73DD3C299C047F0044E639 /* GameBridge.mm in Sources */ = {isa = PBXBuildFile; fileRef = BE73DD3B299C047F0044E639 /* GameBridge.mm */; };
		BE73DD3F29A197640044E639 /* blender_suzanne.obj in Resources */ = {isa = PBXBuildFile; fileRef = BE73DD3E29A197630044E639 /* blender_suzanne.obj */; };
		BE73DD4129A1CC5C0044E639 /* tile.jpg in Resources */ = {isa = PBXBuildFile; fileRef = BE73DD4029A1CC5A0044E639 /* tile.jpg */; };
		BE73DD4629A1EA2D0044E639 /* white.jpg in Resources */ = {isa = PBXBuildFile; fileRef = BE73DD4529A1EA2D0044E639 /* white.jpg */; };
		BE73DD4829A1EA3E0044E639 /* test.jpg in Resources */ = {isa = PBXBuildFile; fileRef = BE73DD4729A1EA3E0044E639 /* test.jpg */; };
		BE73DD4A29A1EF200044E639 /* cube.obj in Resources */ = {isa = PBXBuildFile; fileRef = BE73DD4929A1EF1F0044E639 /* cube.obj */; };
		BE7484CF29D0F0A50030087F /* ObjectNotifier.mm in Sources */ = {isa = PBXBuildFile; fileRef = BE7484CD29D0F0A50030087F /* ObjectNotifier.mm */; };
		BE7484D329D150F30030087F /* Spinner.mm in Sources */ = {isa = PBXBuildFile; fileRef = BE7484D129D150F30030087F /* Spinner.mm */; };
		BE7484D929D4D7240030087F /* SimulatedBody.mm in Sources */ = {isa = PBXBuildFile; fileRef = BE7484D729D4D7240030087F /* SimulatedBody.mm */; };
		BE7484DC29D53BC30030087F /* BoundingBoxCollision.mm in Sources */ = {isa = PBXBuildFile; fileRef = BE7484DA29D53BC30030087F /* BoundingBoxCollision.mm */; };
		BE7484DF29D544FC0030087F /* GlobalCollisionHandler.mm in Sources */ = {isa = PBXBuildFile; fileRef = BE7484DD29D544FB0030087F /* GlobalCollisionHandler.mm */; };
		BE9338E029B0174F0070B442 /* Utility.mm in Sources */ = {isa = PBXBuildFile; fileRef = BE9338DE29B0174E0070B442 /* Utility.mm */; };
		BED8535529CA518F005EF16E /* Component.mm in Sources */ = {isa = PBXBuildFile; fileRef = BED8535329CA518F005EF16E /* Component.mm */; };
/* End PBXBuildFile section */

/* Begin PBXFileReference section */
		58F2638629E217EA00330627 /* Follow.mm */ = {isa = PBXFileReference; fileEncoding = 4; lastKnownFileType = sourcecode.cpp.objcpp; path = Follow.mm; sourceTree = "<group>"; };
		58F2638829E217F300330627 /* Follow.hpp */ = {isa = PBXFileReference; fileEncoding = 4; lastKnownFileType = sourcecode.cpp.h; path = Follow.hpp; sourceTree = "<group>"; };
		58F2638C29E21B8100330627 /* PlayerLaneControl.hpp */ = {isa = PBXFileReference; fileEncoding = 4; lastKnownFileType = sourcecode.cpp.h; path = PlayerLaneControl.hpp; sourceTree = "<group>"; };
		58F2638D29E21B8100330627 /* PlayerLaneControl.mm */ = {isa = PBXFileReference; fileEncoding = 4; lastKnownFileType = sourcecode.cpp.objcpp; path = PlayerLaneControl.mm; sourceTree = "<group>"; };
		58F2638F29E2795A00330627 /* cave_tex.jpg */ = {isa = PBXFileReference; lastKnownFileType = image.jpeg; path = cave_tex.jpg; sourceTree = "<group>"; };
		58F2639029E2795A00330627 /* coin_tex.jpg */ = {isa = PBXFileReference; lastKnownFileType = image.jpeg; path = coin_tex.jpg; sourceTree = "<group>"; };
		58F2639129E2795B00330627 /* cave_tex_2.jpg */ = {isa = PBXFileReference; lastKnownFileType = image.jpeg; path = cave_tex_2.jpg; sourceTree = "<group>"; };
		58F2639229E2795B00330627 /* marble_tex.jpg */ = {isa = PBXFileReference; lastKnownFileType = image.jpeg; path = marble_tex.jpg; sourceTree = "<group>"; };
		BE481A4E29B2DBD2005C575F /* PreloadedGeometryObject.mm */ = {isa = PBXFileReference; lastKnownFileType = sourcecode.cpp.objcpp; path = PreloadedGeometryObject.mm; sourceTree = "<group>"; };
		BE481A4F29B2DBD2005C575F /* PreloadedGeometryObject.hpp */ = {isa = PBXFileReference; lastKnownFileType = sourcecode.cpp.h; path = PreloadedGeometryObject.hpp; sourceTree = "<group>"; };
		BE73DD00299720C70044E639 /* WantToCryEngine.app */ = {isa = PBXFileReference; explicitFileType = wrapper.application; includeInIndex = 0; path = WantToCryEngine.app; sourceTree = BUILT_PRODUCTS_DIR; };
		BE73DD03299720C70044E639 /* AppDelegate.swift */ = {isa = PBXFileReference; lastKnownFileType = sourcecode.swift; path = AppDelegate.swift; sourceTree = "<group>"; };
		BE73DD05299720C70044E639 /* SceneDelegate.swift */ = {isa = PBXFileReference; lastKnownFileType = sourcecode.swift; path = SceneDelegate.swift; sourceTree = "<group>"; };
		BE73DD07299720C70044E639 /* ViewController.swift */ = {isa = PBXFileReference; lastKnownFileType = sourcecode.swift; path = ViewController.swift; sourceTree = "<group>"; };
		BE73DD0A299720C70044E639 /* Base */ = {isa = PBXFileReference; lastKnownFileType = file.storyboard; name = Base; path = Base.lproj/Main.storyboard; sourceTree = "<group>"; };
		BE73DD0C299720D70044E639 /* Assets.xcassets */ = {isa = PBXFileReference; lastKnownFileType = folder.assetcatalog; path = Assets.xcassets; sourceTree = "<group>"; };
		BE73DD0F299720D70044E639 /* Base */ = {isa = PBXFileReference; lastKnownFileType = file.storyboard; name = Base; path = Base.lproj/LaunchScreen.storyboard; sourceTree = "<group>"; };
		BE73DD11299720D70044E639 /* Info.plist */ = {isa = PBXFileReference; lastKnownFileType = text.plist.xml; path = Info.plist; sourceTree = "<group>"; };
		BE73DD17299726550044E639 /* Shader.fsh */ = {isa = PBXFileReference; lastKnownFileType = sourcecode.glsl; path = Shader.fsh; sourceTree = "<group>"; };
		BE73DD19299726730044E639 /* Shader.vsh */ = {isa = PBXFileReference; lastKnownFileType = sourcecode.glsl; path = Shader.vsh; sourceTree = "<group>"; };
		BE73DD1D29986A630044E639 /* WantToCryEngine-Bridging-Header.h */ = {isa = PBXFileReference; lastKnownFileType = sourcecode.c.h; path = "WantToCryEngine-Bridging-Header.h"; sourceTree = "<group>"; };
		BE73DD1E29986A640044E639 /* GeometryObject.mm */ = {isa = PBXFileReference; fileEncoding = 4; lastKnownFileType = sourcecode.cpp.objcpp; path = GeometryObject.mm; sourceTree = "<group>"; };
		BE73DD1F29986A640044E639 /* GeometryObject.h */ = {isa = PBXFileReference; fileEncoding = 4; lastKnownFileType = sourcecode.c.h; path = GeometryObject.h; sourceTree = "<group>"; };
		BE73DD2029986A640044E639 /* WavefrontLoader.hpp */ = {isa = PBXFileReference; fileEncoding = 4; lastKnownFileType = sourcecode.cpp.h; path = WavefrontLoader.hpp; sourceTree = "<group>"; };
		BE73DD2129986A640044E639 /* WavefrontLoader.mm */ = {isa = PBXFileReference; fileEncoding = 4; lastKnownFileType = sourcecode.cpp.objcpp; path = WavefrontLoader.mm; sourceTree = "<group>"; };
		BE73DD2429986B7C0044E639 /* Renderer.mm */ = {isa = PBXFileReference; explicitFileType = sourcecode.cpp.objcpp; path = Renderer.mm; sourceTree = "<group>"; };
		BE73DD2529986B7C0044E639 /* Renderer.hpp */ = {isa = PBXFileReference; lastKnownFileType = sourcecode.cpp.h; path = Renderer.hpp; sourceTree = "<group>"; };
		BE73DD2A29988B780044E639 /* GameObject.mm */ = {isa = PBXFileReference; lastKnownFileType = sourcecode.cpp.objcpp; path = GameObject.mm; sourceTree = "<group>"; };
		BE73DD2B29988B780044E639 /* GameObject.hpp */ = {isa = PBXFileReference; lastKnownFileType = sourcecode.cpp.h; path = GameObject.hpp; sourceTree = "<group>"; };
		BE73DD2E29988C7B0044E639 /* Common.h */ = {isa = PBXFileReference; lastKnownFileType = sourcecode.c.h; path = Common.h; sourceTree = "<group>"; };
		BE73DD30299986180044E639 /* GLKit.framework */ = {isa = PBXFileReference; lastKnownFileType = wrapper.framework; name = GLKit.framework; path = System/Library/Frameworks/GLKit.framework; sourceTree = SDKROOT; };
		BE73DD37299BF5CA0044E639 /* Game.mm */ = {isa = PBXFileReference; lastKnownFileType = sourcecode.cpp.objcpp; path = Game.mm; sourceTree = "<group>"; };
		BE73DD38299BF5CA0044E639 /* Game.hpp */ = {isa = PBXFileReference; lastKnownFileType = sourcecode.cpp.h; path = Game.hpp; sourceTree = "<group>"; };
		BE73DD3A299C047F0044E639 /* GameBridge.h */ = {isa = PBXFileReference; lastKnownFileType = sourcecode.c.h; path = GameBridge.h; sourceTree = "<group>"; };
		BE73DD3B299C047F0044E639 /* GameBridge.mm */ = {isa = PBXFileReference; lastKnownFileType = sourcecode.cpp.objcpp; path = GameBridge.mm; sourceTree = "<group>"; };
		BE73DD3D299C26730044E639 /* README.md */ = {isa = PBXFileReference; lastKnownFileType = net.daringfireball.markdown; path = README.md; sourceTree = "<group>"; };
		BE73DD3E29A197630044E639 /* blender_suzanne.obj */ = {isa = PBXFileReference; lastKnownFileType = text; name = blender_suzanne.obj; path = WantToCryEngine/blender_suzanne.obj; sourceTree = "<group>"; };
		BE73DD4029A1CC5A0044E639 /* tile.jpg */ = {isa = PBXFileReference; lastKnownFileType = image.jpeg; name = tile.jpg; path = WantToCryEngine/tile.jpg; sourceTree = "<group>"; };
		BE73DD4529A1EA2D0044E639 /* white.jpg */ = {isa = PBXFileReference; lastKnownFileType = image.jpeg; name = white.jpg; path = WantToCryEngine/white.jpg; sourceTree = "<group>"; };
		BE73DD4729A1EA3E0044E639 /* test.jpg */ = {isa = PBXFileReference; lastKnownFileType = image.jpeg; name = test.jpg; path = WantToCryEngine/test.jpg; sourceTree = "<group>"; };
		BE73DD4929A1EF1F0044E639 /* cube.obj */ = {isa = PBXFileReference; lastKnownFileType = text; name = cube.obj; path = WantToCryEngine/cube.obj; sourceTree = "<group>"; };
		BE7484CD29D0F0A50030087F /* ObjectNotifier.mm */ = {isa = PBXFileReference; lastKnownFileType = sourcecode.cpp.objcpp; path = ObjectNotifier.mm; sourceTree = "<group>"; };
		BE7484CE29D0F0A50030087F /* ObjectNotifier.hpp */ = {isa = PBXFileReference; lastKnownFileType = sourcecode.cpp.h; path = ObjectNotifier.hpp; sourceTree = "<group>"; };
		BE7484D129D150F30030087F /* Spinner.mm */ = {isa = PBXFileReference; lastKnownFileType = sourcecode.cpp.objcpp; path = Spinner.mm; sourceTree = "<group>"; };
		BE7484D229D150F30030087F /* Spinner.hpp */ = {isa = PBXFileReference; lastKnownFileType = sourcecode.cpp.h; path = Spinner.hpp; sourceTree = "<group>"; };
		BE7484D729D4D7240030087F /* SimulatedBody.mm */ = {isa = PBXFileReference; lastKnownFileType = sourcecode.cpp.objcpp; path = SimulatedBody.mm; sourceTree = "<group>"; };
		BE7484D829D4D7240030087F /* SimulatedBody.hpp */ = {isa = PBXFileReference; lastKnownFileType = sourcecode.cpp.h; path = SimulatedBody.hpp; sourceTree = "<group>"; };
		BE7484DA29D53BC30030087F /* BoundingBoxCollision.mm */ = {isa = PBXFileReference; lastKnownFileType = sourcecode.cpp.objcpp; path = BoundingBoxCollision.mm; sourceTree = "<group>"; };
		BE7484DB29D53BC30030087F /* BoundingBoxCollision.hpp */ = {isa = PBXFileReference; lastKnownFileType = sourcecode.cpp.h; path = BoundingBoxCollision.hpp; sourceTree = "<group>"; };
		BE7484DD29D544FB0030087F /* GlobalCollisionHandler.mm */ = {isa = PBXFileReference; lastKnownFileType = sourcecode.cpp.objcpp; path = GlobalCollisionHandler.mm; sourceTree = "<group>"; };
		BE7484DE29D544FC0030087F /* GlobalCollisionHandler.hpp */ = {isa = PBXFileReference; lastKnownFileType = sourcecode.cpp.h; path = GlobalCollisionHandler.hpp; sourceTree = "<group>"; };
		BE9338DE29B0174E0070B442 /* Utility.mm */ = {isa = PBXFileReference; lastKnownFileType = sourcecode.cpp.objcpp; path = Utility.mm; sourceTree = "<group>"; };
		BE9338DF29B0174E0070B442 /* Utility.hpp */ = {isa = PBXFileReference; lastKnownFileType = sourcecode.cpp.h; path = Utility.hpp; sourceTree = "<group>"; };
		BED8535329CA518F005EF16E /* Component.mm */ = {isa = PBXFileReference; lastKnownFileType = sourcecode.cpp.objcpp; path = Component.mm; sourceTree = "<group>"; };
		BED8535429CA518F005EF16E /* Component.hpp */ = {isa = PBXFileReference; lastKnownFileType = sourcecode.cpp.h; path = Component.hpp; sourceTree = "<group>"; };
/* End PBXFileReference section */

/* Begin PBXFrameworksBuildPhase section */
		BE73DCFD299720C70044E639 /* Frameworks */ = {
			isa = PBXFrameworksBuildPhase;
			buildActionMask = 2147483647;
			files = (
				BE73DD31299986180044E639 /* GLKit.framework in Frameworks */,
			);
			runOnlyForDeploymentPostprocessing = 0;
		};
/* End PBXFrameworksBuildPhase section */

/* Begin PBXGroup section */
		BE73DCF7299720C70044E639 = {
			isa = PBXGroup;
			children = (
				58F2639129E2795B00330627 /* cave_tex_2.jpg */,
				58F2638F29E2795A00330627 /* cave_tex.jpg */,
				58F2639029E2795A00330627 /* coin_tex.jpg */,
				58F2639229E2795B00330627 /* marble_tex.jpg */,
				BE73DD4929A1EF1F0044E639 /* cube.obj */,
				BE73DD4729A1EA3E0044E639 /* test.jpg */,
				BE73DD4529A1EA2D0044E639 /* white.jpg */,
				BE73DD4029A1CC5A0044E639 /* tile.jpg */,
				BE73DD3E29A197630044E639 /* blender_suzanne.obj */,
				BE73DD3D299C26730044E639 /* README.md */,
				BE73DD02299720C70044E639 /* WantToCryEngine */,
				BE73DD01299720C70044E639 /* Products */,
				BE73DD2F299986170044E639 /* Frameworks */,
			);
			sourceTree = "<group>";
		};
		BE73DD01299720C70044E639 /* Products */ = {
			isa = PBXGroup;
			children = (
				BE73DD00299720C70044E639 /* WantToCryEngine.app */,
			);
			name = Products;
			sourceTree = "<group>";
		};
		BE73DD02299720C70044E639 /* WantToCryEngine */ = {
			isa = PBXGroup;
			children = (
				58F2638C29E21B8100330627 /* PlayerLaneControl.hpp */,
				58F2638D29E21B8100330627 /* PlayerLaneControl.mm */,
				58F2638829E217F300330627 /* Follow.hpp */,
				58F2638629E217EA00330627 /* Follow.mm */,
				BE73DD1F29986A640044E639 /* GeometryObject.h */,
				BE73DD1E29986A640044E639 /* GeometryObject.mm */,
				BE73DD2029986A640044E639 /* WavefrontLoader.hpp */,
				BE73DD2129986A640044E639 /* WavefrontLoader.mm */,
				BE73DD03299720C70044E639 /* AppDelegate.swift */,
				BE73DD05299720C70044E639 /* SceneDelegate.swift */,
				BE73DD07299720C70044E639 /* ViewController.swift */,
				BE73DD09299720C70044E639 /* Main.storyboard */,
				BE73DD0C299720D70044E639 /* Assets.xcassets */,
				BE73DD0E299720D70044E639 /* LaunchScreen.storyboard */,
				BE73DD11299720D70044E639 /* Info.plist */,
				BE73DD19299726730044E639 /* Shader.vsh */,
				BE73DD17299726550044E639 /* Shader.fsh */,
				BE73DD1D29986A630044E639 /* WantToCryEngine-Bridging-Header.h */,
				BE73DD2429986B7C0044E639 /* Renderer.mm */,
				BE73DD2529986B7C0044E639 /* Renderer.hpp */,
				BE73DD2A29988B780044E639 /* GameObject.mm */,
				BE73DD2B29988B780044E639 /* GameObject.hpp */,
				BE73DD2E29988C7B0044E639 /* Common.h */,
				BE73DD37299BF5CA0044E639 /* Game.mm */,
				BE73DD38299BF5CA0044E639 /* Game.hpp */,
				BE73DD3A299C047F0044E639 /* GameBridge.h */,
				BE73DD3B299C047F0044E639 /* GameBridge.mm */,
				BE9338DE29B0174E0070B442 /* Utility.mm */,
				BE9338DF29B0174E0070B442 /* Utility.hpp */,
				BE481A4E29B2DBD2005C575F /* PreloadedGeometryObject.mm */,
				BE481A4F29B2DBD2005C575F /* PreloadedGeometryObject.hpp */,
				BED8535329CA518F005EF16E /* Component.mm */,
				BED8535429CA518F005EF16E /* Component.hpp */,
				BE7484CD29D0F0A50030087F /* ObjectNotifier.mm */,
				BE7484CE29D0F0A50030087F /* ObjectNotifier.hpp */,
				BE7484D129D150F30030087F /* Spinner.mm */,
				BE7484D229D150F30030087F /* Spinner.hpp */,
				BE7484D729D4D7240030087F /* SimulatedBody.mm */,
				BE7484D829D4D7240030087F /* SimulatedBody.hpp */,
				BE7484DA29D53BC30030087F /* BoundingBoxCollision.mm */,
				BE7484DB29D53BC30030087F /* BoundingBoxCollision.hpp */,
				BE7484DD29D544FB0030087F /* GlobalCollisionHandler.mm */,
				BE7484DE29D544FC0030087F /* GlobalCollisionHandler.hpp */,
			);
			path = WantToCryEngine;
			sourceTree = "<group>";
		};
		BE73DD2F299986170044E639 /* Frameworks */ = {
			isa = PBXGroup;
			children = (
				BE73DD30299986180044E639 /* GLKit.framework */,
			);
			name = Frameworks;
			sourceTree = "<group>";
		};
/* End PBXGroup section */

/* Begin PBXNativeTarget section */
		BE73DCFF299720C70044E639 /* WantToCryEngine */ = {
			isa = PBXNativeTarget;
			buildConfigurationList = BE73DD14299720D70044E639 /* Build configuration list for PBXNativeTarget "WantToCryEngine" */;
			buildPhases = (
				BE73DCFC299720C70044E639 /* Sources */,
				BE73DCFD299720C70044E639 /* Frameworks */,
				BE73DCFE299720C70044E639 /* Resources */,
			);
			buildRules = (
			);
			dependencies = (
			);
			name = WantToCryEngine;
			productName = WantToCryEngine;
			productReference = BE73DD00299720C70044E639 /* WantToCryEngine.app */;
			productType = "com.apple.product-type.application";
		};
/* End PBXNativeTarget section */

/* Begin PBXProject section */
		BE73DCF8299720C70044E639 /* Project object */ = {
			isa = PBXProject;
			attributes = {
				BuildIndependentTargetsInParallel = 1;
				LastSwiftUpdateCheck = 1420;
				LastUpgradeCheck = 1420;
				TargetAttributes = {
					BE73DCFF299720C70044E639 = {
						CreatedOnToolsVersion = 14.2;
						LastSwiftMigration = 1420;
					};
				};
			};
			buildConfigurationList = BE73DCFB299720C70044E639 /* Build configuration list for PBXProject "WantToCryEngine" */;
			compatibilityVersion = "Xcode 14.0";
			developmentRegion = en;
			hasScannedForEncodings = 0;
			knownRegions = (
				en,
				Base,
			);
			mainGroup = BE73DCF7299720C70044E639;
			productRefGroup = BE73DD01299720C70044E639 /* Products */;
			projectDirPath = "";
			projectRoot = "";
			targets = (
				BE73DCFF299720C70044E639 /* WantToCryEngine */,
			);
		};
/* End PBXProject section */

/* Begin PBXResourcesBuildPhase section */
		BE73DCFE299720C70044E639 /* Resources */ = {
			isa = PBXResourcesBuildPhase;
			buildActionMask = 2147483647;
			files = (
				BE73DD4A29A1EF200044E639 /* cube.obj in Resources */,
				BE73DD4829A1EA3E0044E639 /* test.jpg in Resources */,
				BE73DD4629A1EA2D0044E639 /* white.jpg in Resources */,
				BE73DD4129A1CC5C0044E639 /* tile.jpg in Resources */,
				BE73DD3F29A197640044E639 /* blender_suzanne.obj in Resources */,
				58F2639529E2795B00330627 /* cave_tex_2.jpg in Resources */,
				BE73DD18299726550044E639 /* Shader.fsh in Resources */,
				BE73DD10299720D70044E639 /* LaunchScreen.storyboard in Resources */,
				58F2639329E2795B00330627 /* cave_tex.jpg in Resources */,
				58F2639429E2795B00330627 /* coin_tex.jpg in Resources */,
				BE73DD0D299720D70044E639 /* Assets.xcassets in Resources */,
				BE73DD0B299720C70044E639 /* Main.storyboard in Resources */,
				58F2639629E2795B00330627 /* marble_tex.jpg in Resources */,
				BE73DD1A299726730044E639 /* Shader.vsh in Resources */,
			);
			runOnlyForDeploymentPostprocessing = 0;
		};
/* End PBXResourcesBuildPhase section */

/* Begin PBXSourcesBuildPhase section */
		BE73DCFC299720C70044E639 /* Sources */ = {
			isa = PBXSourcesBuildPhase;
			buildActionMask = 2147483647;
			files = (
				BE73DD39299BF5CA0044E639 /* Game.mm in Sources */,
				BED8535529CA518F005EF16E /* Component.mm in Sources */,
				BE481A5029B2DBD3005C575F /* PreloadedGeometryObject.mm in Sources */,
				BE73DD2629986B7C0044E639 /* Renderer.mm in Sources */,
				BE7484DC29D53BC30030087F /* BoundingBoxCollision.mm in Sources */,
				BE7484D929D4D7240030087F /* SimulatedBody.mm in Sources */,
				BE7484DF29D544FC0030087F /* GlobalCollisionHandler.mm in Sources */,
				BE9338E029B0174F0070B442 /* Utility.mm in Sources */,
				BE7484D329D150F30030087F /* Spinner.mm in Sources */,
				BE73DD3C299C047F0044E639 /* GameBridge.mm in Sources */,
				58F2638729E217EA00330627 /* Follow.mm in Sources */,
				BE73DD2329986A640044E639 /* WavefrontLoader.mm in Sources */,
				BE7484CF29D0F0A50030087F /* ObjectNotifier.mm in Sources */,
				BE73DD2229986A640044E639 /* GeometryObject.mm in Sources */,
				BE73DD08299720C70044E639 /* ViewController.swift in Sources */,
				BE73DD04299720C70044E639 /* AppDelegate.swift in Sources */,
				BE73DD06299720C70044E639 /* SceneDelegate.swift in Sources */,
				BE73DD2C29988B780044E639 /* GameObject.mm in Sources */,
				58F2638E29E21B8100330627 /* PlayerLaneControl.mm in Sources */,
			);
			runOnlyForDeploymentPostprocessing = 0;
		};
/* End PBXSourcesBuildPhase section */

/* Begin PBXVariantGroup section */
		BE73DD09299720C70044E639 /* Main.storyboard */ = {
			isa = PBXVariantGroup;
			children = (
				BE73DD0A299720C70044E639 /* Base */,
			);
			name = Main.storyboard;
			sourceTree = "<group>";
		};
		BE73DD0E299720D70044E639 /* LaunchScreen.storyboard */ = {
			isa = PBXVariantGroup;
			children = (
				BE73DD0F299720D70044E639 /* Base */,
			);
			name = LaunchScreen.storyboard;
			sourceTree = "<group>";
		};
/* End PBXVariantGroup section */

/* Begin XCBuildConfiguration section */
		BE73DD12299720D70044E639 /* Debug */ = {
			isa = XCBuildConfiguration;
			buildSettings = {
				ALWAYS_SEARCH_USER_PATHS = NO;
				CLANG_ANALYZER_NONNULL = YES;
				CLANG_ANALYZER_NUMBER_OBJECT_CONVERSION = YES_AGGRESSIVE;
				CLANG_CXX_LANGUAGE_STANDARD = "gnu++20";
				CLANG_ENABLE_MODULES = YES;
				CLANG_ENABLE_OBJC_ARC = YES;
				CLANG_ENABLE_OBJC_WEAK = YES;
				CLANG_WARN_BLOCK_CAPTURE_AUTORELEASING = YES;
				CLANG_WARN_BOOL_CONVERSION = YES;
				CLANG_WARN_COMMA = YES;
				CLANG_WARN_CONSTANT_CONVERSION = YES;
				CLANG_WARN_DEPRECATED_OBJC_IMPLEMENTATIONS = YES;
				CLANG_WARN_DIRECT_OBJC_ISA_USAGE = YES_ERROR;
				CLANG_WARN_DOCUMENTATION_COMMENTS = YES;
				CLANG_WARN_EMPTY_BODY = YES;
				CLANG_WARN_ENUM_CONVERSION = YES;
				CLANG_WARN_INFINITE_RECURSION = YES;
				CLANG_WARN_INT_CONVERSION = YES;
				CLANG_WARN_NON_LITERAL_NULL_CONVERSION = YES;
				CLANG_WARN_OBJC_IMPLICIT_RETAIN_SELF = YES;
				CLANG_WARN_OBJC_LITERAL_CONVERSION = YES;
				CLANG_WARN_OBJC_ROOT_CLASS = YES_ERROR;
				CLANG_WARN_QUOTED_INCLUDE_IN_FRAMEWORK_HEADER = YES;
				CLANG_WARN_RANGE_LOOP_ANALYSIS = YES;
				CLANG_WARN_STRICT_PROTOTYPES = YES;
				CLANG_WARN_SUSPICIOUS_MOVE = YES;
				CLANG_WARN_UNGUARDED_AVAILABILITY = YES_AGGRESSIVE;
				CLANG_WARN_UNREACHABLE_CODE = YES;
				CLANG_WARN__DUPLICATE_METHOD_MATCH = YES;
				COPY_PHASE_STRIP = NO;
				DEBUG_INFORMATION_FORMAT = dwarf;
				ENABLE_STRICT_OBJC_MSGSEND = YES;
				ENABLE_TESTABILITY = YES;
				GCC_C_LANGUAGE_STANDARD = gnu11;
				GCC_DYNAMIC_NO_PIC = NO;
				GCC_NO_COMMON_BLOCKS = YES;
				GCC_OPTIMIZATION_LEVEL = 0;
				GCC_PREPROCESSOR_DEFINITIONS = (
					"GLES_SILENCE_DEPRECATION=1",
					"DEBUG=1",
					"$(inherited)",
				);
				GCC_WARN_64_TO_32_BIT_CONVERSION = YES;
				GCC_WARN_ABOUT_RETURN_TYPE = YES_ERROR;
				GCC_WARN_UNDECLARED_SELECTOR = YES;
				GCC_WARN_UNINITIALIZED_AUTOS = YES_AGGRESSIVE;
				GCC_WARN_UNUSED_FUNCTION = YES;
				GCC_WARN_UNUSED_VARIABLE = YES;
				IPHONEOS_DEPLOYMENT_TARGET = 16.2;
				MTL_ENABLE_DEBUG_INFO = INCLUDE_SOURCE;
				MTL_FAST_MATH = YES;
				ONLY_ACTIVE_ARCH = YES;
				SDKROOT = iphoneos;
				SWIFT_ACTIVE_COMPILATION_CONDITIONS = DEBUG;
				SWIFT_OPTIMIZATION_LEVEL = "-Onone";
			};
			name = Debug;
		};
		BE73DD13299720D70044E639 /* Release */ = {
			isa = XCBuildConfiguration;
			buildSettings = {
				ALWAYS_SEARCH_USER_PATHS = NO;
				CLANG_ANALYZER_NONNULL = YES;
				CLANG_ANALYZER_NUMBER_OBJECT_CONVERSION = YES_AGGRESSIVE;
				CLANG_CXX_LANGUAGE_STANDARD = "gnu++20";
				CLANG_ENABLE_MODULES = YES;
				CLANG_ENABLE_OBJC_ARC = YES;
				CLANG_ENABLE_OBJC_WEAK = YES;
				CLANG_WARN_BLOCK_CAPTURE_AUTORELEASING = YES;
				CLANG_WARN_BOOL_CONVERSION = YES;
				CLANG_WARN_COMMA = YES;
				CLANG_WARN_CONSTANT_CONVERSION = YES;
				CLANG_WARN_DEPRECATED_OBJC_IMPLEMENTATIONS = YES;
				CLANG_WARN_DIRECT_OBJC_ISA_USAGE = YES_ERROR;
				CLANG_WARN_DOCUMENTATION_COMMENTS = YES;
				CLANG_WARN_EMPTY_BODY = YES;
				CLANG_WARN_ENUM_CONVERSION = YES;
				CLANG_WARN_INFINITE_RECURSION = YES;
				CLANG_WARN_INT_CONVERSION = YES;
				CLANG_WARN_NON_LITERAL_NULL_CONVERSION = YES;
				CLANG_WARN_OBJC_IMPLICIT_RETAIN_SELF = YES;
				CLANG_WARN_OBJC_LITERAL_CONVERSION = YES;
				CLANG_WARN_OBJC_ROOT_CLASS = YES_ERROR;
				CLANG_WARN_QUOTED_INCLUDE_IN_FRAMEWORK_HEADER = YES;
				CLANG_WARN_RANGE_LOOP_ANALYSIS = YES;
				CLANG_WARN_STRICT_PROTOTYPES = YES;
				CLANG_WARN_SUSPICIOUS_MOVE = YES;
				CLANG_WARN_UNGUARDED_AVAILABILITY = YES_AGGRESSIVE;
				CLANG_WARN_UNREACHABLE_CODE = YES;
				CLANG_WARN__DUPLICATE_METHOD_MATCH = YES;
				COPY_PHASE_STRIP = NO;
				DEBUG_INFORMATION_FORMAT = "dwarf-with-dsym";
				ENABLE_NS_ASSERTIONS = NO;
				ENABLE_STRICT_OBJC_MSGSEND = YES;
				GCC_C_LANGUAGE_STANDARD = gnu11;
				GCC_NO_COMMON_BLOCKS = YES;
				GCC_PREPROCESSOR_DEFINITIONS = "GLES_SILENCE_DEPRECATION=1";
				GCC_WARN_64_TO_32_BIT_CONVERSION = YES;
				GCC_WARN_ABOUT_RETURN_TYPE = YES_ERROR;
				GCC_WARN_UNDECLARED_SELECTOR = YES;
				GCC_WARN_UNINITIALIZED_AUTOS = YES_AGGRESSIVE;
				GCC_WARN_UNUSED_FUNCTION = YES;
				GCC_WARN_UNUSED_VARIABLE = YES;
				IPHONEOS_DEPLOYMENT_TARGET = 16.2;
				MTL_ENABLE_DEBUG_INFO = NO;
				MTL_FAST_MATH = YES;
				SDKROOT = iphoneos;
				SWIFT_COMPILATION_MODE = wholemodule;
				SWIFT_OPTIMIZATION_LEVEL = "-O";
				VALIDATE_PRODUCT = YES;
			};
			name = Release;
		};
		BE73DD15299720D70044E639 /* Debug */ = {
			isa = XCBuildConfiguration;
			buildSettings = {
				ARCHS = (
					"$(ARCHS_STANDARD)",
					x86_64,
				);
				ASSETCATALOG_COMPILER_APPICON_NAME = AppIcon;
				ASSETCATALOG_COMPILER_GLOBAL_ACCENT_COLOR_NAME = AccentColor;
				CLANG_ENABLE_MODULES = YES;
				CODE_SIGN_STYLE = Automatic;
				CURRENT_PROJECT_VERSION = 1;
				GENERATE_INFOPLIST_FILE = YES;
				INFOPLIST_FILE = WantToCryEngine/Info.plist;
				INFOPLIST_KEY_UIApplicationSupportsIndirectInputEvents = YES;
				INFOPLIST_KEY_UILaunchStoryboardName = LaunchScreen;
				INFOPLIST_KEY_UIMainStoryboardFile = Main;
				INFOPLIST_KEY_UISupportedInterfaceOrientations_iPad = "UIInterfaceOrientationPortrait UIInterfaceOrientationPortraitUpsideDown UIInterfaceOrientationLandscapeLeft UIInterfaceOrientationLandscapeRight";
				INFOPLIST_KEY_UISupportedInterfaceOrientations_iPhone = "UIInterfaceOrientationPortrait UIInterfaceOrientationLandscapeLeft UIInterfaceOrientationLandscapeRight";
				LD_RUNPATH_SEARCH_PATHS = (
					"$(inherited)",
					"@executable_path/Frameworks",
				);
				MARKETING_VERSION = 0.4;
				PRODUCT_BUNDLE_IDENTIFIER = "Team-Descent.WantToCryEngine";
				PRODUCT_NAME = "$(TARGET_NAME)";
				SWIFT_EMIT_LOC_STRINGS = YES;
				SWIFT_OBJC_BRIDGING_HEADER = "WantToCryEngine/WantToCryEngine-Bridging-Header.h";
				SWIFT_OPTIMIZATION_LEVEL = "-Onone";
				SWIFT_VERSION = 5.0;
				TARGETED_DEVICE_FAMILY = "1,2";
			};
			name = Debug;
		};
		BE73DD16299720D70044E639 /* Release */ = {
			isa = XCBuildConfiguration;
			buildSettings = {
				ARCHS = (
					"$(ARCHS_STANDARD)",
					x86_64,
				);
				ASSETCATALOG_COMPILER_APPICON_NAME = AppIcon;
				ASSETCATALOG_COMPILER_GLOBAL_ACCENT_COLOR_NAME = AccentColor;
				CLANG_ENABLE_MODULES = YES;
				CODE_SIGN_STYLE = Automatic;
				CURRENT_PROJECT_VERSION = 1;
				GENERATE_INFOPLIST_FILE = YES;
				INFOPLIST_FILE = WantToCryEngine/Info.plist;
				INFOPLIST_KEY_UIApplicationSupportsIndirectInputEvents = YES;
				INFOPLIST_KEY_UILaunchStoryboardName = LaunchScreen;
				INFOPLIST_KEY_UIMainStoryboardFile = Main;
				INFOPLIST_KEY_UISupportedInterfaceOrientations_iPad = "UIInterfaceOrientationPortrait UIInterfaceOrientationPortraitUpsideDown UIInterfaceOrientationLandscapeLeft UIInterfaceOrientationLandscapeRight";
				INFOPLIST_KEY_UISupportedInterfaceOrientations_iPhone = "UIInterfaceOrientationPortrait UIInterfaceOrientationLandscapeLeft UIInterfaceOrientationLandscapeRight";
				LD_RUNPATH_SEARCH_PATHS = (
					"$(inherited)",
					"@executable_path/Frameworks",
				);
				MARKETING_VERSION = 0.4;
				PRODUCT_BUNDLE_IDENTIFIER = "Team-Descent.WantToCryEngine";
				PRODUCT_NAME = "$(TARGET_NAME)";
				SWIFT_EMIT_LOC_STRINGS = YES;
				SWIFT_OBJC_BRIDGING_HEADER = "WantToCryEngine/WantToCryEngine-Bridging-Header.h";
				SWIFT_VERSION = 5.0;
				TARGETED_DEVICE_FAMILY = "1,2";
			};
			name = Release;
		};
/* End XCBuildConfiguration section */

/* Begin XCConfigurationList section */
		BE73DCFB299720C70044E639 /* Build configuration list for PBXProject "WantToCryEngine" */ = {
			isa = XCConfigurationList;
			buildConfigurations = (
				BE73DD12299720D70044E639 /* Debug */,
				BE73DD13299720D70044E639 /* Release */,
			);
			defaultConfigurationIsVisible = 0;
			defaultConfigurationName = Release;
		};
		BE73DD14299720D70044E639 /* Build configuration list for PBXNativeTarget "WantToCryEngine" */ = {
			isa = XCConfigurationList;
			buildConfigurations = (
				BE73DD15299720D70044E639 /* Debug */,
				BE73DD16299720D70044E639 /* Release */,
			);
			defaultConfigurationIsVisible = 0;
			defaultConfigurationName = Release;
		};
/* End XCConfigurationList section */
	};
	rootObject = BE73DCF8299720C70044E639 /* Project object */;
}
